{
  "lockfile_version": "1",
  "packages": {
    "dagger@latest": {
      "last_modified": "2023-10-15T14:24:03Z",
      "resolved": "github:NixOS/nixpkgs/12bdeb01ff9e2d3917e6a44037ed7df6e6c3df9d#dagger",
      "source": "devbox-search",
      "version": "0.8.8",
      "systems": {
        "aarch64-darwin": {
          "outputs": [
            {
              "name": "out",
              "path": "/nix/store/6122yp2f4jihyc1mfg43ihq0dsbd8daw-dagger-0.8.8",
              "default": true
            }
          ],
          "store_path": "/nix/store/6122yp2f4jihyc1mfg43ihq0dsbd8daw-dagger-0.8.8"
        },
        "aarch64-linux": {
          "outputs": [
            {
              "name": "out",
              "path": "/nix/store/jzdw4vnjw2dix8i3c66l1qw2frr3v5as-dagger-0.8.8",
              "default": true
            }
          ],
          "store_path": "/nix/store/jzdw4vnjw2dix8i3c66l1qw2frr3v5as-dagger-0.8.8"
        },
        "x86_64-darwin": {
          "outputs": [
            {
              "name": "out",
              "path": "/nix/store/sra5844nczr02jzmzq71wrjda462qg32-dagger-0.8.8",
              "default": true
            }
          ],
          "store_path": "/nix/store/sra5844nczr02jzmzq71wrjda462qg32-dagger-0.8.8"
        },
        "x86_64-linux": {
          "outputs": [
            {
              "name": "out",
              "path": "/nix/store/x28iymrc9y01yswccxanrkdbhwjj3b79-dagger-0.8.8",
              "default": true
            }
          ],
          "store_path": "/nix/store/x28iymrc9y01yswccxanrkdbhwjj3b79-dagger-0.8.8"
        }
      }
    },
    "hugo@latest": {
      "last_modified": "2024-03-28T11:17:37Z",
      "resolved": "github:NixOS/nixpkgs/72c6ed328aa4e5d9151b1a512f6ad83aca7529fa#hugo",
      "source": "devbox-search",
      "version": "0.124.1",
      "systems": {
        "aarch64-darwin": {
          "outputs": [
            {
              "name": "out",
              "path": "/nix/store/4241851xvc5xag3hgc287blzmdqvv6r6-hugo-0.124.1",
              "default": true
            }
          ],
          "store_path": "/nix/store/4241851xvc5xag3hgc287blzmdqvv6r6-hugo-0.124.1"
        },
        "aarch64-linux": {
          "outputs": [
            {
              "name": "out",
              "path": "/nix/store/3d20dg1yp4s47m68hla2mlh89xv495bl-hugo-0.124.1",
              "default": true
            }
          ],
          "store_path": "/nix/store/3d20dg1yp4s47m68hla2mlh89xv495bl-hugo-0.124.1"
        },
        "x86_64-darwin": {
          "outputs": [
            {
              "name": "out",
              "path": "/nix/store/afjagghkqyn9xglpldc0s39dwa5m55d9-hugo-0.124.1",
              "default": true
            }
          ],
          "store_path": "/nix/store/afjagghkqyn9xglpldc0s39dwa5m55d9-hugo-0.124.1"
        },
        "x86_64-linux": {
          "outputs": [
            {
              "name": "out",
              "path": "/nix/store/29vrmh3b7i56ap04wj66y9mmxib8q372-hugo-0.124.1",
              "default": true
            }
          ],
          "store_path": "/nix/store/29vrmh3b7i56ap04wj66y9mmxib8q372-hugo-0.124.1"
        }
      }
    }
  }
}
